// !$*UTF8*$!
{
	archiveVersion = 1;
	classes = {
	};
	objectVersion = 50;
	objects = {

/* Begin PBXBuildFile section */
		BF234D6F23B7B59800080874 /* AppDelegate.swift in Sources */ = {isa = PBXBuildFile; fileRef = BF234D6E23B7B59800080874 /* AppDelegate.swift */; };
		BF234D7123B7B59800080874 /* SceneDelegate.swift in Sources */ = {isa = PBXBuildFile; fileRef = BF234D7023B7B59800080874 /* SceneDelegate.swift */; };
		BF234D7323B7B59800080874 /* ViewController.swift in Sources */ = {isa = PBXBuildFile; fileRef = BF234D7223B7B59800080874 /* ViewController.swift */; };
		BF234D7623B7B59800080874 /* Main.storyboard in Resources */ = {isa = PBXBuildFile; fileRef = BF234D7423B7B59800080874 /* Main.storyboard */; };
		BF234D7823B7B59D00080874 /* Assets.xcassets in Resources */ = {isa = PBXBuildFile; fileRef = BF234D7723B7B59D00080874 /* Assets.xcassets */; };
		BF234D7B23B7B59D00080874 /* LaunchScreen.storyboard in Resources */ = {isa = PBXBuildFile; fileRef = BF234D7923B7B59D00080874 /* LaunchScreen.storyboard */; };
		BF234D8623B7B59E00080874 /* Counter___Tests.swift in Sources */ = {isa = PBXBuildFile; fileRef = BF234D8523B7B59E00080874 /* Counter___Tests.swift */; };
		BF234D9123B7B59E00080874 /* Counter___UITests.swift in Sources */ = {isa = PBXBuildFile; fileRef = BF234D9023B7B59E00080874 /* Counter___UITests.swift */; };
/* End PBXBuildFile section */

/* Begin PBXContainerItemProxy section */
		BF234D8223B7B59E00080874 /* PBXContainerItemProxy */ = {
			isa = PBXContainerItemProxy;
			containerPortal = BF234D6323B7B59800080874 /* Project object */;
			proxyType = 1;
			remoteGlobalIDString = BF234D6A23B7B59800080874;
			remoteInfo = "Counter---";
		};
		BF234D8D23B7B59E00080874 /* PBXContainerItemProxy */ = {
			isa = PBXContainerItemProxy;
			containerPortal = BF234D6323B7B59800080874 /* Project object */;
			proxyType = 1;
			remoteGlobalIDString = BF234D6A23B7B59800080874;
			remoteInfo = "Counter---";
		};
/* End PBXContainerItemProxy section */

/* Begin PBXFileReference section */
		BF234D6B23B7B59800080874 /* Counter---.app */ = {isa = PBXFileReference; explicitFileType = wrapper.application; includeInIndex = 0; path = "Counter---.app"; sourceTree = BUILT_PRODUCTS_DIR; };
		BF234D6E23B7B59800080874 /* AppDelegate.swift */ = {isa = PBXFileReference; lastKnownFileType = sourcecode.swift; path = AppDelegate.swift; sourceTree = "<group>"; };
		BF234D7023B7B59800080874 /* SceneDelegate.swift */ = {isa = PBXFileReference; lastKnownFileType = sourcecode.swift; path = SceneDelegate.swift; sourceTree = "<group>"; };
		BF234D7223B7B59800080874 /* ViewController.swift */ = {isa = PBXFileReference; lastKnownFileType = sourcecode.swift; path = ViewController.swift; sourceTree = "<group>"; };
		BF234D7523B7B59800080874 /* Base */ = {isa = PBXFileReference; lastKnownFileType = file.storyboard; name = Base; path = Base.lproj/Main.storyboard; sourceTree = "<group>"; };
		BF234D7723B7B59D00080874 /* Assets.xcassets */ = {isa = PBXFileReference; lastKnownFileType = folder.assetcatalog; path = Assets.xcassets; sourceTree = "<group>"; };
		BF234D7A23B7B59D00080874 /* Base */ = {isa = PBXFileReference; lastKnownFileType = file.storyboard; name = Base; path = Base.lproj/LaunchScreen.storyboard; sourceTree = "<group>"; };
		BF234D7C23B7B59D00080874 /* Info.plist */ = {isa = PBXFileReference; lastKnownFileType = text.plist.xml; path = Info.plist; sourceTree = "<group>"; };
		BF234D8123B7B59E00080874 /* Counter---Tests.xctest */ = {isa = PBXFileReference; explicitFileType = wrapper.cfbundle; includeInIndex = 0; path = "Counter---Tests.xctest"; sourceTree = BUILT_PRODUCTS_DIR; };
		BF234D8523B7B59E00080874 /* Counter___Tests.swift */ = {isa = PBXFileReference; lastKnownFileType = sourcecode.swift; path = "Counter___Tests.swift"; sourceTree = "<group>"; };
		BF234D8723B7B59E00080874 /* Info.plist */ = {isa = PBXFileReference; lastKnownFileType = text.plist.xml; path = Info.plist; sourceTree = "<group>"; };
		BF234D8C23B7B59E00080874 /* Counter---UITests.xctest */ = {isa = PBXFileReference; explicitFileType = wrapper.cfbundle; includeInIndex = 0; path = "Counter---UITests.xctest"; sourceTree = BUILT_PRODUCTS_DIR; };
		BF234D9023B7B59E00080874 /* Counter___UITests.swift */ = {isa = PBXFileReference; lastKnownFileType = sourcecode.swift; path = "Counter___UITests.swift"; sourceTree = "<group>"; };
		BF234D9223B7B59E00080874 /* Info.plist */ = {isa = PBXFileReference; lastKnownFileType = text.plist.xml; path = Info.plist; sourceTree = "<group>"; };
/* End PBXFileReference section */

/* Begin PBXFrameworksBuildPhase section */
		BF234D6823B7B59800080874 /* Frameworks */ = {
			isa = PBXFrameworksBuildPhase;
			buildActionMask = 2147483647;
			files = (
			);
			runOnlyForDeploymentPostprocessing = 0;
		};
		BF234D7E23B7B59E00080874 /* Frameworks */ = {
			isa = PBXFrameworksBuildPhase;
			buildActionMask = 2147483647;
			files = (
			);
			runOnlyForDeploymentPostprocessing = 0;
		};
		BF234D8923B7B59E00080874 /* Frameworks */ = {
			isa = PBXFrameworksBuildPhase;
			buildActionMask = 2147483647;
			files = (
			);
			runOnlyForDeploymentPostprocessing = 0;
		};
/* End PBXFrameworksBuildPhase section */

/* Begin PBXGroup section */
		BF234D6223B7B59800080874 = {
			isa = PBXGroup;
			children = (
				BF234D6D23B7B59800080874 /* Counter--- */,
				BF234D8423B7B59E00080874 /* Counter---Tests */,
				BF234D8F23B7B59E00080874 /* Counter---UITests */,
				BF234D6C23B7B59800080874 /* Products */,
			);
			sourceTree = "<group>";
		};
		BF234D6C23B7B59800080874 /* Products */ = {
			isa = PBXGroup;
			children = (
				BF234D6B23B7B59800080874 /* Counter---.app */,
				BF234D8123B7B59E00080874 /* Counter---Tests.xctest */,
				BF234D8C23B7B59E00080874 /* Counter---UITests.xctest */,
			);
			name = Products;
			sourceTree = "<group>";
		};
		BF234D6D23B7B59800080874 /* Counter--- */ = {
			isa = PBXGroup;
			children = (
				BF234D6E23B7B59800080874 /* AppDelegate.swift */,
				BF234D7023B7B59800080874 /* SceneDelegate.swift */,
				BF234D7223B7B59800080874 /* ViewController.swift */,
				BF234D7423B7B59800080874 /* Main.storyboard */,
				BF234D7723B7B59D00080874 /* Assets.xcassets */,
				BF234D7923B7B59D00080874 /* LaunchScreen.storyboard */,
				BF234D7C23B7B59D00080874 /* Info.plist */,
			);
			path = "Counter---";
			sourceTree = "<group>";
		};
		BF234D8423B7B59E00080874 /* Counter---Tests */ = {
			isa = PBXGroup;
			children = (
				BF234D8523B7B59E00080874 /* Counter___Tests.swift */,
				BF234D8723B7B59E00080874 /* Info.plist */,
			);
			path = "Counter---Tests";
			sourceTree = "<group>";
		};
		BF234D8F23B7B59E00080874 /* Counter---UITests */ = {
			isa = PBXGroup;
			children = (
				BF234D9023B7B59E00080874 /* Counter___UITests.swift */,
				BF234D9223B7B59E00080874 /* Info.plist */,
			);
			path = "Counter---UITests";
			sourceTree = "<group>";
		};
/* End PBXGroup section */

/* Begin PBXNativeTarget section */
		BF234D6A23B7B59800080874 /* Counter--- */ = {
			isa = PBXNativeTarget;
			buildConfigurationList = BF234D9523B7B59E00080874 /* Build configuration list for PBXNativeTarget "Counter---" */;
			buildPhases = (
				BF234D6723B7B59800080874 /* Sources */,
				BF234D6823B7B59800080874 /* Frameworks */,
				BF234D6923B7B59800080874 /* Resources */,
			);
			buildRules = (
			);
			dependencies = (
			);
			name = "Counter---";
			productName = "Counter---";
			productReference = BF234D6B23B7B59800080874 /* Counter---.app */;
			productType = "com.apple.product-type.application";
		};
		BF234D8023B7B59E00080874 /* Counter---Tests */ = {
			isa = PBXNativeTarget;
			buildConfigurationList = BF234D9823B7B59E00080874 /* Build configuration list for PBXNativeTarget "Counter---Tests" */;
			buildPhases = (
				BF234D7D23B7B59E00080874 /* Sources */,
				BF234D7E23B7B59E00080874 /* Frameworks */,
				BF234D7F23B7B59E00080874 /* Resources */,
			);
			buildRules = (
			);
			dependencies = (
				BF234D8323B7B59E00080874 /* PBXTargetDependency */,
			);
			name = "Counter---Tests";
			productName = "Counter---Tests";
			productReference = BF234D8123B7B59E00080874 /* Counter---Tests.xctest */;
			productType = "com.apple.product-type.bundle.unit-test";
		};
		BF234D8B23B7B59E00080874 /* Counter---UITests */ = {
			isa = PBXNativeTarget;
			buildConfigurationList = BF234D9B23B7B59E00080874 /* Build configuration list for PBXNativeTarget "Counter---UITests" */;
			buildPhases = (
				BF234D8823B7B59E00080874 /* Sources */,
				BF234D8923B7B59E00080874 /* Frameworks */,
				BF234D8A23B7B59E00080874 /* Resources */,
			);
			buildRules = (
			);
			dependencies = (
				BF234D8E23B7B59E00080874 /* PBXTargetDependency */,
			);
			name = "Counter---UITests";
			productName = "Counter---UITests";
			productReference = BF234D8C23B7B59E00080874 /* Counter---UITests.xctest */;
			productType = "com.apple.product-type.bundle.ui-testing";
		};
/* End PBXNativeTarget section */

/* Begin PBXProject section */
		BF234D6323B7B59800080874 /* Project object */ = {
			isa = PBXProject;
			attributes = {
				LastSwiftUpdateCheck = 1120;
				LastUpgradeCheck = 1120;
				ORGANIZATIONNAME = "Jakub Záloha";
				TargetAttributes = {
					BF234D6A23B7B59800080874 = {
						CreatedOnToolsVersion = 11.2.1;
					};
					BF234D8023B7B59E00080874 = {
						CreatedOnToolsVersion = 11.2.1;
						TestTargetID = BF234D6A23B7B59800080874;
					};
					BF234D8B23B7B59E00080874 = {
						CreatedOnToolsVersion = 11.2.1;
						TestTargetID = BF234D6A23B7B59800080874;
					};
				};
			};
			buildConfigurationList = BF234D6623B7B59800080874 /* Build configuration list for PBXProject "Counter---" */;
			compatibilityVersion = "Xcode 9.3";
			developmentRegion = en;
			hasScannedForEncodings = 0;
			knownRegions = (
				en,
				Base,
			);
			mainGroup = BF234D6223B7B59800080874;
			productRefGroup = BF234D6C23B7B59800080874 /* Products */;
			projectDirPath = "";
			projectRoot = "";
			targets = (
				BF234D6A23B7B59800080874 /* Counter--- */,
				BF234D8023B7B59E00080874 /* Counter---Tests */,
				BF234D8B23B7B59E00080874 /* Counter---UITests */,
			);
		};
/* End PBXProject section */

/* Begin PBXResourcesBuildPhase section */
		BF234D6923B7B59800080874 /* Resources */ = {
			isa = PBXResourcesBuildPhase;
			buildActionMask = 2147483647;
			files = (
				BF234D7B23B7B59D00080874 /* LaunchScreen.storyboard in Resources */,
				BF234D7823B7B59D00080874 /* Assets.xcassets in Resources */,
				BF234D7623B7B59800080874 /* Main.storyboard in Resources */,
			);
			runOnlyForDeploymentPostprocessing = 0;
		};
		BF234D7F23B7B59E00080874 /* Resources */ = {
			isa = PBXResourcesBuildPhase;
			buildActionMask = 2147483647;
			files = (
			);
			runOnlyForDeploymentPostprocessing = 0;
		};
		BF234D8A23B7B59E00080874 /* Resources */ = {
			isa = PBXResourcesBuildPhase;
			buildActionMask = 2147483647;
			files = (
			);
			runOnlyForDeploymentPostprocessing = 0;
		};
/* End PBXResourcesBuildPhase section */

/* Begin PBXSourcesBuildPhase section */
		BF234D6723B7B59800080874 /* Sources */ = {
			isa = PBXSourcesBuildPhase;
			buildActionMask = 2147483647;
			files = (
				BF234D7323B7B59800080874 /* ViewController.swift in Sources */,
				BF234D6F23B7B59800080874 /* AppDelegate.swift in Sources */,
				BF234D7123B7B59800080874 /* SceneDelegate.swift in Sources */,
			);
			runOnlyForDeploymentPostprocessing = 0;
		};
		BF234D7D23B7B59E00080874 /* Sources */ = {
			isa = PBXSourcesBuildPhase;
			buildActionMask = 2147483647;
			files = (
				BF234D8623B7B59E00080874 /* Counter___Tests.swift in Sources */,
			);
			runOnlyForDeploymentPostprocessing = 0;
		};
		BF234D8823B7B59E00080874 /* Sources */ = {
			isa = PBXSourcesBuildPhase;
			buildActionMask = 2147483647;
			files = (
				BF234D9123B7B59E00080874 /* Counter___UITests.swift in Sources */,
			);
			runOnlyForDeploymentPostprocessing = 0;
		};
/* End PBXSourcesBuildPhase section */

/* Begin PBXTargetDependency section */
		BF234D8323B7B59E00080874 /* PBXTargetDependency */ = {
			isa = PBXTargetDependency;
			target = BF234D6A23B7B59800080874 /* Counter--- */;
			targetProxy = BF234D8223B7B59E00080874 /* PBXContainerItemProxy */;
		};
		BF234D8E23B7B59E00080874 /* PBXTargetDependency */ = {
			isa = PBXTargetDependency;
			target = BF234D6A23B7B59800080874 /* Counter--- */;
			targetProxy = BF234D8D23B7B59E00080874 /* PBXContainerItemProxy */;
		};
/* End PBXTargetDependency section */

/* Begin PBXVariantGroup section */
		BF234D7423B7B59800080874 /* Main.storyboard */ = {
			isa = PBXVariantGroup;
			children = (
				BF234D7523B7B59800080874 /* Base */,
			);
			name = Main.storyboard;
			sourceTree = "<group>";
		};
		BF234D7923B7B59D00080874 /* LaunchScreen.storyboard */ = {
			isa = PBXVariantGroup;
			children = (
				BF234D7A23B7B59D00080874 /* Base */,
			);
			name = LaunchScreen.storyboard;
			sourceTree = "<group>";
		};
/* End PBXVariantGroup section */

/* Begin XCBuildConfiguration section */
		BF234D9323B7B59E00080874 /* Debug */ = {
			isa = XCBuildConfiguration;
			buildSettings = {
				ALWAYS_SEARCH_USER_PATHS = NO;
				CLANG_ANALYZER_NONNULL = YES;
				CLANG_ANALYZER_NUMBER_OBJECT_CONVERSION = YES_AGGRESSIVE;
				CLANG_CXX_LANGUAGE_STANDARD = "gnu++14";
				CLANG_CXX_LIBRARY = "libc++";
				CLANG_ENABLE_MODULES = YES;
				CLANG_ENABLE_OBJC_ARC = YES;
				CLANG_ENABLE_OBJC_WEAK = YES;
				CLANG_WARN_BLOCK_CAPTURE_AUTORELEASING = YES;
				CLANG_WARN_BOOL_CONVERSION = YES;
				CLANG_WARN_COMMA = YES;
				CLANG_WARN_CONSTANT_CONVERSION = YES;
				CLANG_WARN_DEPRECATED_OBJC_IMPLEMENTATIONS = YES;
				CLANG_WARN_DIRECT_OBJC_ISA_USAGE = YES_ERROR;
				CLANG_WARN_DOCUMENTATION_COMMENTS = YES;
				CLANG_WARN_EMPTY_BODY = YES;
				CLANG_WARN_ENUM_CONVERSION = YES;
				CLANG_WARN_INFINITE_RECURSION = YES;
				CLANG_WARN_INT_CONVERSION = YES;
				CLANG_WARN_NON_LITERAL_NULL_CONVERSION = YES;
				CLANG_WARN_OBJC_IMPLICIT_RETAIN_SELF = YES;
				CLANG_WARN_OBJC_LITERAL_CONVERSION = YES;
				CLANG_WARN_OBJC_ROOT_CLASS = YES_ERROR;
				CLANG_WARN_RANGE_LOOP_ANALYSIS = YES;
				CLANG_WARN_STRICT_PROTOTYPES = YES;
				CLANG_WARN_SUSPICIOUS_MOVE = YES;
				CLANG_WARN_UNGUARDED_AVAILABILITY = YES_AGGRESSIVE;
				CLANG_WARN_UNREACHABLE_CODE = YES;
				CLANG_WARN__DUPLICATE_METHOD_MATCH = YES;
				COPY_PHASE_STRIP = NO;
				DEBUG_INFORMATION_FORMAT = dwarf;
				ENABLE_STRICT_OBJC_MSGSEND = YES;
				ENABLE_TESTABILITY = YES;
				GCC_C_LANGUAGE_STANDARD = gnu11;
				GCC_DYNAMIC_NO_PIC = NO;
				GCC_NO_COMMON_BLOCKS = YES;
				GCC_OPTIMIZATION_LEVEL = 0;
				GCC_PREPROCESSOR_DEFINITIONS = (
					"DEBUG=1",
					"$(inherited)",
				);
				GCC_WARN_64_TO_32_BIT_CONVERSION = YES;
				GCC_WARN_ABOUT_RETURN_TYPE = YES_ERROR;
				GCC_WARN_UNDECLARED_SELECTOR = YES;
				GCC_WARN_UNINITIALIZED_AUTOS = YES_AGGRESSIVE;
				GCC_WARN_UNUSED_FUNCTION = YES;
				GCC_WARN_UNUSED_VARIABLE = YES;
				IPHONEOS_DEPLOYMENT_TARGET = 13.2;
				MTL_ENABLE_DEBUG_INFO = INCLUDE_SOURCE;
				MTL_FAST_MATH = YES;
				ONLY_ACTIVE_ARCH = YES;
				SDKROOT = iphoneos;
				SWIFT_ACTIVE_COMPILATION_CONDITIONS = DEBUG;
				SWIFT_OPTIMIZATION_LEVEL = "-Onone";
			};
			name = Debug;
		};
		BF234D9423B7B59E00080874 /* Release */ = {
			isa = XCBuildConfiguration;
			buildSettings = {
				ALWAYS_SEARCH_USER_PATHS = NO;
				CLANG_ANALYZER_NONNULL = YES;
				CLANG_ANALYZER_NUMBER_OBJECT_CONVERSION = YES_AGGRESSIVE;
				CLANG_CXX_LANGUAGE_STANDARD = "gnu++14";
				CLANG_CXX_LIBRARY = "libc++";
				CLANG_ENABLE_MODULES = YES;
				CLANG_ENABLE_OBJC_ARC = YES;
				CLANG_ENABLE_OBJC_WEAK = YES;
				CLANG_WARN_BLOCK_CAPTURE_AUTORELEASING = YES;
				CLANG_WARN_BOOL_CONVERSION = YES;
				CLANG_WARN_COMMA = YES;
				CLANG_WARN_CONSTANT_CONVERSION = YES;
				CLANG_WARN_DEPRECATED_OBJC_IMPLEMENTATIONS = YES;
				CLANG_WARN_DIRECT_OBJC_ISA_USAGE = YES_ERROR;
				CLANG_WARN_DOCUMENTATION_COMMENTS = YES;
				CLANG_WARN_EMPTY_BODY = YES;
				CLANG_WARN_ENUM_CONVERSION = YES;
				CLANG_WARN_INFINITE_RECURSION = YES;
				CLANG_WARN_INT_CONVERSION = YES;
				CLANG_WARN_NON_LITERAL_NULL_CONVERSION = YES;
				CLANG_WARN_OBJC_IMPLICIT_RETAIN_SELF = YES;
				CLANG_WARN_OBJC_LITERAL_CONVERSION = YES;
				CLANG_WARN_OBJC_ROOT_CLASS = YES_ERROR;
				CLANG_WARN_RANGE_LOOP_ANALYSIS = YES;
				CLANG_WARN_STRICT_PROTOTYPES = YES;
				CLANG_WARN_SUSPICIOUS_MOVE = YES;
				CLANG_WARN_UNGUARDED_AVAILABILITY = YES_AGGRESSIVE;
				CLANG_WARN_UNREACHABLE_CODE = YES;
				CLANG_WARN__DUPLICATE_METHOD_MATCH = YES;
				COPY_PHASE_STRIP = NO;
				DEBUG_INFORMATION_FORMAT = "dwarf-with-dsym";
				ENABLE_NS_ASSERTIONS = NO;
				ENABLE_STRICT_OBJC_MSGSEND = YES;
				GCC_C_LANGUAGE_STANDARD = gnu11;
				GCC_NO_COMMON_BLOCKS = YES;
				GCC_WARN_64_TO_32_BIT_CONVERSION = YES;
				GCC_WARN_ABOUT_RETURN_TYPE = YES_ERROR;
				GCC_WARN_UNDECLARED_SELECTOR = YES;
				GCC_WARN_UNINITIALIZED_AUTOS = YES_AGGRESSIVE;
				GCC_WARN_UNUSED_FUNCTION = YES;
				GCC_WARN_UNUSED_VARIABLE = YES;
				IPHONEOS_DEPLOYMENT_TARGET = 13.2;
				MTL_ENABLE_DEBUG_INFO = NO;
				MTL_FAST_MATH = YES;
				SDKROOT = iphoneos;
				SWIFT_COMPILATION_MODE = wholemodule;
				SWIFT_OPTIMIZATION_LEVEL = "-O";
				VALIDATE_PRODUCT = YES;
			};
			name = Release;
		};
		BF234D9623B7B59E00080874 /* Debug */ = {
			isa = XCBuildConfiguration;
			buildSettings = {
				ASSETCATALOG_COMPILER_APPICON_NAME = AppIcon;
				CODE_SIGN_STYLE = Automatic;
				DEVELOPMENT_TEAM = 72ECQC9Y2E;
				INFOPLIST_FILE = "Counter---/Info.plist";
				LD_RUNPATH_SEARCH_PATHS = (
					"$(inherited)",
					"@executable_path/Frameworks",
				);
				PRODUCT_BUNDLE_IDENTIFIER = "Jakub-Zaloha.Counter---";
				PRODUCT_NAME = "$(TARGET_NAME)";
				SWIFT_VERSION = 5.0;
				TARGETED_DEVICE_FAMILY = "1,2";
			};
			name = Debug;
		};
		BF234D9723B7B59E00080874 /* Release */ = {
			isa = XCBuildConfiguration;
			buildSettings = {
				ASSETCATALOG_COMPILER_APPICON_NAME = AppIcon;
				CODE_SIGN_STYLE = Automatic;
				DEVELOPMENT_TEAM = 72ECQC9Y2E;
				INFOPLIST_FILE = "Counter---/Info.plist";
				LD_RUNPATH_SEARCH_PATHS = (
					"$(inherited)",
					"@executable_path/Frameworks",
				);
				PRODUCT_BUNDLE_IDENTIFIER = "Jakub-Zaloha.Counter---";
				PRODUCT_NAME = "$(TARGET_NAME)";
				SWIFT_VERSION = 5.0;
				TARGETED_DEVICE_FAMILY = "1,2";
			};
			name = Release;
		};
		BF234D9923B7B59E00080874 /* Debug */ = {
			isa = XCBuildConfiguration;
			buildSettings = {
				ALWAYS_EMBED_SWIFT_STANDARD_LIBRARIES = YES;
				BUNDLE_LOADER = "$(TEST_HOST)";
				CODE_SIGN_STYLE = Automatic;
				DEVELOPMENT_TEAM = 72ECQC9Y2E;
				INFOPLIST_FILE = "Counter---Tests/Info.plist";
				IPHONEOS_DEPLOYMENT_TARGET = 13.2;
				LD_RUNPATH_SEARCH_PATHS = (
					"$(inherited)",
					"@executable_path/Frameworks",
					"@loader_path/Frameworks",
				);
				PRODUCT_BUNDLE_IDENTIFIER = "Jakub-Zaloha.Counter---Tests";
				PRODUCT_NAME = "$(TARGET_NAME)";
				SWIFT_VERSION = 5.0;
				TARGETED_DEVICE_FAMILY = "1,2";
				TEST_HOST = "$(BUILT_PRODUCTS_DIR)/Counter---.app/Counter---";
			};
			name = Debug;
		};
		BF234D9A23B7B59E00080874 /* Release */ = {
			isa = XCBuildConfiguration;
			buildSettings = {
				ALWAYS_EMBED_SWIFT_STANDARD_LIBRARIES = YES;
				BUNDLE_LOADER = "$(TEST_HOST)";
				CODE_SIGN_STYLE = Automatic;
				DEVELOPMENT_TEAM = 72ECQC9Y2E;
				INFOPLIST_FILE = "Counter---Tests/Info.plist";
				IPHONEOS_DEPLOYMENT_TARGET = 13.2;
				LD_RUNPATH_SEARCH_PATHS = (
					"$(inherited)",
					"@executable_path/Frameworks",
					"@loader_path/Frameworks",
				);
				PRODUCT_BUNDLE_IDENTIFIER = "Jakub-Zaloha.Counter---Tests";
				PRODUCT_NAME = "$(TARGET_NAME)";
				SWIFT_VERSION = 5.0;
				TARGETED_DEVICE_FAMILY = "1,2";
				TEST_HOST = "$(BUILT_PRODUCTS_DIR)/Counter---.app/Counter---";
			};
			name = Release;
		};
		BF234D9C23B7B59E00080874 /* Debug */ = {
			isa = XCBuildConfiguration;
			buildSettings = {
				ALWAYS_EMBED_SWIFT_STANDARD_LIBRARIES = YES;
				CODE_SIGN_STYLE = Automatic;
				DEVELOPMENT_TEAM = 72ECQC9Y2E;
				INFOPLIST_FILE = "Counter---UITests/Info.plist";
				LD_RUNPATH_SEARCH_PATHS = (
					"$(inherited)",
					"@executable_path/Frameworks",
					"@loader_path/Frameworks",
				);
				PRODUCT_BUNDLE_IDENTIFIER = "Jakub-Zaloha.Counter---UITests";
				PRODUCT_NAME = "$(TARGET_NAME)";
				SWIFT_VERSION = 5.0;
				TARGETED_DEVICE_FAMILY = "1,2";
				TEST_TARGET_NAME = "Counter---";
			};
			name = Debug;
		};
		BF234D9D23B7B59E00080874 /* Release */ = {
			isa = XCBuildConfiguration;
			buildSettings = {
				ALWAYS_EMBED_SWIFT_STANDARD_LIBRARIES = YES;
				CODE_SIGN_STYLE = Automatic;
				DEVELOPMENT_TEAM = 72ECQC9Y2E;
				INFOPLIST_FILE = "Counter---UITests/Info.plist";
				LD_RUNPATH_SEARCH_PATHS = (
					"$(inherited)",
					"@executable_path/Frameworks",
					"@loader_path/Frameworks",
				);
				PRODUCT_BUNDLE_IDENTIFIER = "Jakub-Zaloha.Counter---UITests";
				PRODUCT_NAME = "$(TARGET_NAME)";
				SWIFT_VERSION = 5.0;
				TARGETED_DEVICE_FAMILY = "1,2";
				TEST_TARGET_NAME = "Counter---";
			};
			name = Release;
		};
/* End XCBuildConfiguration section */

/* Begin XCConfigurationList section */
		BF234D6623B7B59800080874 /* Build configuration list for PBXProject "Counter---" */ = {
			isa = XCConfigurationList;
			buildConfigurations = (
				BF234D9323B7B59E00080874 /* Debug */,
				BF234D9423B7B59E00080874 /* Release */,
			);
			defaultConfigurationIsVisible = 0;
			defaultConfigurationName = Release;
		};
		BF234D9523B7B59E00080874 /* Build configuration list for PBXNativeTarget "Counter---" */ = {
			isa = XCConfigurationList;
			buildConfigurations = (
				BF234D9623B7B59E00080874 /* Debug */,
				BF234D9723B7B59E00080874 /* Release */,
			);
			defaultConfigurationIsVisible = 0;
			defaultConfigurationName = Release;
		};
		BF234D9823B7B59E00080874 /* Build configuration list for PBXNativeTarget "Counter---Tests" */ = {
			isa = XCConfigurationList;
			buildConfigurations = (
				BF234D9923B7B59E00080874 /* Debug */,
				BF234D9A23B7B59E00080874 /* Release */,
			);
			defaultConfigurationIsVisible = 0;
			defaultConfigurationName = Release;
		};
		BF234D9B23B7B59E00080874 /* Build configuration list for PBXNativeTarget "Counter---UITests" */ = {
			isa = XCConfigurationList;
			buildConfigurations = (
				BF234D9C23B7B59E00080874 /* Debug */,
				BF234D9D23B7B59E00080874 /* Release */,
			);
			defaultConfigurationIsVisible = 0;
			defaultConfigurationName = Release;
		};
/* End XCConfigurationList section */
	};
	rootObject = BF234D6323B7B59800080874 /* Project object */;
}
